// !$*UTF8*$!
{
	archiveVersion = 1;
	classes = {
	};
	objectVersion = 46;
	objects = {

/* Begin PBXBuildFile section */
		02008EB51AA5F95A0088AFA8 /* ball.png in Resources */ = {isa = PBXBuildFile; fileRef = 02008EB41AA5F95A0088AFA8 /* ball.png */; };
		393A92111AA86A950068FF32 /* Game.swift in Sources */ = {isa = PBXBuildFile; fileRef = 393A92101AA86A950068FF32 /* Game.swift */; };
		39672E621AA5F87000E5419D /* LocalDataHandler.swift in Sources */ = {isa = PBXBuildFile; fileRef = 39672E611AA5F87000E5419D /* LocalDataHandler.swift */; };
		39672E641AA6048C00E5419D /* Planet.swift in Sources */ = {isa = PBXBuildFile; fileRef = 39672E631AA6048C00E5419D /* Planet.swift */; };
		397204711AA5E25A0066F78F /* AppDelegate.swift in Sources */ = {isa = PBXBuildFile; fileRef = 397204701AA5E25A0066F78F /* AppDelegate.swift */; };
		397204751AA5E25A0066F78F /* GameScene.swift in Sources */ = {isa = PBXBuildFile; fileRef = 397204741AA5E25A0066F78F /* GameScene.swift */; };
		397204771AA5E25A0066F78F /* GameViewController.swift in Sources */ = {isa = PBXBuildFile; fileRef = 397204761AA5E25A0066F78F /* GameViewController.swift */; };
		3972047A1AA5E25A0066F78F /* Main.storyboard in Resources */ = {isa = PBXBuildFile; fileRef = 397204781AA5E25A0066F78F /* Main.storyboard */; };
		3972047C1AA5E25A0066F78F /* Images.xcassets in Resources */ = {isa = PBXBuildFile; fileRef = 3972047B1AA5E25A0066F78F /* Images.xcassets */; };
		3972047F1AA5E25A0066F78F /* LaunchScreen.xib in Resources */ = {isa = PBXBuildFile; fileRef = 3972047D1AA5E25A0066F78F /* LaunchScreen.xib */; };
		3972048B1AA5E25A0066F78F /* SpaceGolfTests.swift in Sources */ = {isa = PBXBuildFile; fileRef = 3972048A1AA5E25A0066F78F /* SpaceGolfTests.swift */; };
		DD5EA4791AA75BBD000005C7 /* Player.swift in Sources */ = {isa = PBXBuildFile; fileRef = DD5EA4781AA75BBD000005C7 /* Player.swift */; };
		DD5EA47B1AA7730F000005C7 /* Leaderboard.swift in Sources */ = {isa = PBXBuildFile; fileRef = DD5EA47A1AA7730F000005C7 /* Leaderboard.swift */; };
		39D9A8E61AA62B7900F32B07 /* RedPlanet.png in Resources */ = {isa = PBXBuildFile; fileRef = 39D9A8E51AA62B7900F32B07 /* RedPlanet.png */; };
/* End PBXBuildFile section */

/* Begin PBXContainerItemProxy section */
		397204851AA5E25A0066F78F /* PBXContainerItemProxy */ = {
			isa = PBXContainerItemProxy;
			containerPortal = 397204631AA5E25A0066F78F /* Project object */;
			proxyType = 1;
			remoteGlobalIDString = 3972046A1AA5E25A0066F78F;
			remoteInfo = SpaceGolf;
		};
/* End PBXContainerItemProxy section */

/* Begin PBXFileReference section */
		02008EB41AA5F95A0088AFA8 /* ball.png */ = {isa = PBXFileReference; lastKnownFileType = image.png; name = ball.png; path = ../../ball.png; sourceTree = "<group>"; };
		393A92101AA86A950068FF32 /* Game.swift */ = {isa = PBXFileReference; fileEncoding = 4; lastKnownFileType = sourcecode.swift; path = Game.swift; sourceTree = "<group>"; };
		39672E611AA5F87000E5419D /* LocalDataHandler.swift */ = {isa = PBXFileReference; fileEncoding = 4; lastKnownFileType = sourcecode.swift; path = LocalDataHandler.swift; sourceTree = "<group>"; };
		39672E631AA6048C00E5419D /* Planet.swift */ = {isa = PBXFileReference; fileEncoding = 4; lastKnownFileType = sourcecode.swift; path = Planet.swift; sourceTree = "<group>"; };
		3972046B1AA5E25A0066F78F /* SpaceGolf.app */ = {isa = PBXFileReference; explicitFileType = wrapper.application; includeInIndex = 0; path = SpaceGolf.app; sourceTree = BUILT_PRODUCTS_DIR; };
		3972046F1AA5E25A0066F78F /* Info.plist */ = {isa = PBXFileReference; lastKnownFileType = text.plist.xml; path = Info.plist; sourceTree = "<group>"; };
		397204701AA5E25A0066F78F /* AppDelegate.swift */ = {isa = PBXFileReference; lastKnownFileType = sourcecode.swift; path = AppDelegate.swift; sourceTree = "<group>"; };
		397204741AA5E25A0066F78F /* GameScene.swift */ = {isa = PBXFileReference; lastKnownFileType = sourcecode.swift; path = GameScene.swift; sourceTree = "<group>"; };
		397204761AA5E25A0066F78F /* GameViewController.swift */ = {isa = PBXFileReference; lastKnownFileType = sourcecode.swift; path = GameViewController.swift; sourceTree = "<group>"; };
		397204791AA5E25A0066F78F /* Base */ = {isa = PBXFileReference; lastKnownFileType = file.storyboard; name = Base; path = Base.lproj/Main.storyboard; sourceTree = "<group>"; };
		3972047B1AA5E25A0066F78F /* Images.xcassets */ = {isa = PBXFileReference; lastKnownFileType = folder.assetcatalog; path = Images.xcassets; sourceTree = "<group>"; };
		3972047E1AA5E25A0066F78F /* Base */ = {isa = PBXFileReference; lastKnownFileType = file.xib; name = Base; path = Base.lproj/LaunchScreen.xib; sourceTree = "<group>"; };
		397204841AA5E25A0066F78F /* SpaceGolfTests.xctest */ = {isa = PBXFileReference; explicitFileType = wrapper.cfbundle; includeInIndex = 0; path = SpaceGolfTests.xctest; sourceTree = BUILT_PRODUCTS_DIR; };
		397204891AA5E25A0066F78F /* Info.plist */ = {isa = PBXFileReference; lastKnownFileType = text.plist.xml; path = Info.plist; sourceTree = "<group>"; };
		3972048A1AA5E25A0066F78F /* SpaceGolfTests.swift */ = {isa = PBXFileReference; lastKnownFileType = sourcecode.swift; path = SpaceGolfTests.swift; sourceTree = "<group>"; };
		DD5EA4781AA75BBD000005C7 /* Player.swift */ = {isa = PBXFileReference; fileEncoding = 4; lastKnownFileType = sourcecode.swift; path = Player.swift; sourceTree = "<group>"; };
		DD5EA47A1AA7730F000005C7 /* Leaderboard.swift */ = {isa = PBXFileReference; fileEncoding = 4; lastKnownFileType = sourcecode.swift; path = Leaderboard.swift; sourceTree = "<group>"; };
		39D9A8E51AA62B7900F32B07 /* RedPlanet.png */ = {isa = PBXFileReference; lastKnownFileType = image.png; path = RedPlanet.png; sourceTree = "<group>"; };
/* End PBXFileReference section */

/* Begin PBXFrameworksBuildPhase section */
		397204681AA5E25A0066F78F /* Frameworks */ = {
			isa = PBXFrameworksBuildPhase;
			buildActionMask = 2147483647;
			files = (
			);
			runOnlyForDeploymentPostprocessing = 0;
		};
		397204811AA5E25A0066F78F /* Frameworks */ = {
			isa = PBXFrameworksBuildPhase;
			buildActionMask = 2147483647;
			files = (
			);
			runOnlyForDeploymentPostprocessing = 0;
		};
/* End PBXFrameworksBuildPhase section */

/* Begin PBXGroup section */
		397204621AA5E25A0066F78F = {
			isa = PBXGroup;
			children = (
				3972046D1AA5E25A0066F78F /* SpaceGolf */,
				397204871AA5E25A0066F78F /* SpaceGolfTests */,
				3972046C1AA5E25A0066F78F /* Products */,
			);
			sourceTree = "<group>";
		};
		3972046C1AA5E25A0066F78F /* Products */ = {
			isa = PBXGroup;
			children = (
				3972046B1AA5E25A0066F78F /* SpaceGolf.app */,
				397204841AA5E25A0066F78F /* SpaceGolfTests.xctest */,
			);
			name = Products;
			sourceTree = "<group>";
		};
		3972046D1AA5E25A0066F78F /* SpaceGolf */ = {
			isa = PBXGroup;
			children = (
				39D9A8E31AA62B7900F32B07 /* Resources */,
				397204701AA5E25A0066F78F /* AppDelegate.swift */,
				DD5EA4781AA75BBD000005C7 /* Player.swift */,
				DD5EA47A1AA7730F000005C7 /* Leaderboard.swift */,
				397204721AA5E25A0066F78F /* GameScene.sks */,
				397204741AA5E25A0066F78F /* GameScene.swift */,
				397204761AA5E25A0066F78F /* GameViewController.swift */,
				397204781AA5E25A0066F78F /* Main.storyboard */,
				3972047B1AA5E25A0066F78F /* Images.xcassets */,
				3972047D1AA5E25A0066F78F /* LaunchScreen.xib */,
				3972046E1AA5E25A0066F78F /* Supporting Files */,
				393A92101AA86A950068FF32 /* Game.swift */,
				39672E611AA5F87000E5419D /* LocalDataHandler.swift */,
				39672E631AA6048C00E5419D /* Planet.swift */,
			);
			path = SpaceGolf;
			sourceTree = "<group>";
		};
		3972046E1AA5E25A0066F78F /* Supporting Files */ = {
			isa = PBXGroup;
			children = (
				3972046F1AA5E25A0066F78F /* Info.plist */,
			);
			name = "Supporting Files";
			sourceTree = "<group>";
		};
		397204871AA5E25A0066F78F /* SpaceGolfTests */ = {
			isa = PBXGroup;
			children = (
				3972048A1AA5E25A0066F78F /* SpaceGolfTests.swift */,
				397204881AA5E25A0066F78F /* Supporting Files */,
			);
			path = SpaceGolfTests;
			sourceTree = "<group>";
		};
		397204881AA5E25A0066F78F /* Supporting Files */ = {
			isa = PBXGroup;
			children = (
				397204891AA5E25A0066F78F /* Info.plist */,
			);
			name = "Supporting Files";
			sourceTree = "<group>";
		};
		39D9A8E31AA62B7900F32B07 /* Resources */ = {
			isa = PBXGroup;
			children = (
				39D9A8E41AA62B7900F32B07 /* Images */,
			);
			path = Resources;
			sourceTree = "<group>";
		};
		39D9A8E41AA62B7900F32B07 /* Images */ = {
			isa = PBXGroup;
			children = (
				02008EB41AA5F95A0088AFA8 /* ball.png */,
				39D9A8E51AA62B7900F32B07 /* RedPlanet.png */,
			);
			path = Images;
			sourceTree = "<group>";
		};
/* End PBXGroup section */

/* Begin PBXNativeTarget section */
		3972046A1AA5E25A0066F78F /* SpaceGolf */ = {
			isa = PBXNativeTarget;
			buildConfigurationList = 3972048E1AA5E25A0066F78F /* Build configuration list for PBXNativeTarget "SpaceGolf" */;
			buildPhases = (
				397204671AA5E25A0066F78F /* Sources */,
				397204681AA5E25A0066F78F /* Frameworks */,
				397204691AA5E25A0066F78F /* Resources */,
			);
			buildRules = (
			);
			dependencies = (
			);
			name = SpaceGolf;
			productName = SpaceGolf;
			productReference = 3972046B1AA5E25A0066F78F /* SpaceGolf.app */;
			productType = "com.apple.product-type.application";
		};
		397204831AA5E25A0066F78F /* SpaceGolfTests */ = {
			isa = PBXNativeTarget;
			buildConfigurationList = 397204911AA5E25A0066F78F /* Build configuration list for PBXNativeTarget "SpaceGolfTests" */;
			buildPhases = (
				397204801AA5E25A0066F78F /* Sources */,
				397204811AA5E25A0066F78F /* Frameworks */,
				397204821AA5E25A0066F78F /* Resources */,
			);
			buildRules = (
			);
			dependencies = (
				397204861AA5E25A0066F78F /* PBXTargetDependency */,
			);
			name = SpaceGolfTests;
			productName = SpaceGolfTests;
			productReference = 397204841AA5E25A0066F78F /* SpaceGolfTests.xctest */;
			productType = "com.apple.product-type.bundle.unit-test";
		};
/* End PBXNativeTarget section */

/* Begin PBXProject section */
		397204631AA5E25A0066F78F /* Project object */ = {
			isa = PBXProject;
			attributes = {
				LastUpgradeCheck = 0610;
				ORGANIZATIONNAME = Progark;
				TargetAttributes = {
					3972046A1AA5E25A0066F78F = {
						CreatedOnToolsVersion = 6.1.1;
					};
					397204831AA5E25A0066F78F = {
						CreatedOnToolsVersion = 6.1.1;
						TestTargetID = 3972046A1AA5E25A0066F78F;
					};
				};
			};
			buildConfigurationList = 397204661AA5E25A0066F78F /* Build configuration list for PBXProject "SpaceGolf" */;
			compatibilityVersion = "Xcode 3.2";
			developmentRegion = English;
			hasScannedForEncodings = 0;
			knownRegions = (
				en,
				Base,
			);
			mainGroup = 397204621AA5E25A0066F78F;
			productRefGroup = 3972046C1AA5E25A0066F78F /* Products */;
			projectDirPath = "";
			projectRoot = "";
			targets = (
				3972046A1AA5E25A0066F78F /* SpaceGolf */,
				397204831AA5E25A0066F78F /* SpaceGolfTests */,
			);
		};
/* End PBXProject section */

/* Begin PBXResourcesBuildPhase section */
		397204691AA5E25A0066F78F /* Resources */ = {
			isa = PBXResourcesBuildPhase;
			buildActionMask = 2147483647;
			files = (
				3972047F1AA5E25A0066F78F /* LaunchScreen.xib in Resources */,
				02008EB51AA5F95A0088AFA8 /* ball.png in Resources */,
				39D9A8E61AA62B7900F32B07 /* RedPlanet.png in Resources */,
				3972047C1AA5E25A0066F78F /* Images.xcassets in Resources */,
				3972047A1AA5E25A0066F78F /* Main.storyboard in Resources */,
			);
			runOnlyForDeploymentPostprocessing = 0;
		};
		397204821AA5E25A0066F78F /* Resources */ = {
			isa = PBXResourcesBuildPhase;
			buildActionMask = 2147483647;
			files = (
			);
			runOnlyForDeploymentPostprocessing = 0;
		};
/* End PBXResourcesBuildPhase section */

/* Begin PBXSourcesBuildPhase section */
		397204671AA5E25A0066F78F /* Sources */ = {
			isa = PBXSourcesBuildPhase;
			buildActionMask = 2147483647;
			files = (
				DD5EA4791AA75BBD000005C7 /* Player.swift in Sources */,
				397204751AA5E25A0066F78F /* GameScene.swift in Sources */,
				397204771AA5E25A0066F78F /* GameViewController.swift in Sources */,
				397204711AA5E25A0066F78F /* AppDelegate.swift in Sources */,
				DD5EA47B1AA7730F000005C7 /* Leaderboard.swift in Sources */,
				39672E621AA5F87000E5419D /* LocalDataHandler.swift in Sources */,
				397204751AA5E25A0066F78F /* GameScene.swift in Sources */,
				397204771AA5E25A0066F78F /* GameViewController.swift in Sources */,
				397204711AA5E25A0066F78F /* AppDelegate.swift in Sources */,
				393A92111AA86A950068FF32 /* Game.swift in Sources */,
				39672E641AA6048C00E5419D /* Planet.swift in Sources */,
			);
			runOnlyForDeploymentPostprocessing = 0;
		};
		397204801AA5E25A0066F78F /* Sources */ = {
			isa = PBXSourcesBuildPhase;
			buildActionMask = 2147483647;
			files = (
				3972048B1AA5E25A0066F78F /* SpaceGolfTests.swift in Sources */,
			);
			runOnlyForDeploymentPostprocessing = 0;
		};
/* End PBXSourcesBuildPhase section */

/* Begin PBXTargetDependency section */
		397204861AA5E25A0066F78F /* PBXTargetDependency */ = {
			isa = PBXTargetDependency;
			target = 3972046A1AA5E25A0066F78F /* SpaceGolf */;
			targetProxy = 397204851AA5E25A0066F78F /* PBXContainerItemProxy */;
		};
/* End PBXTargetDependency section */

/* Begin PBXVariantGroup section */
		397204781AA5E25A0066F78F /* Main.storyboard */ = {
			isa = PBXVariantGroup;
			children = (
				397204791AA5E25A0066F78F /* Base */,
			);
			name = Main.storyboard;
			sourceTree = "<group>";
		};
		3972047D1AA5E25A0066F78F /* LaunchScreen.xib */ = {
			isa = PBXVariantGroup;
			children = (
				3972047E1AA5E25A0066F78F /* Base */,
			);
			name = LaunchScreen.xib;
			sourceTree = "<group>";
		};
/* End PBXVariantGroup section */

/* Begin XCBuildConfiguration section */
		3972048C1AA5E25A0066F78F /* Debug */ = {
			isa = XCBuildConfiguration;
			buildSettings = {
				ALWAYS_SEARCH_USER_PATHS = NO;
				CLANG_CXX_LANGUAGE_STANDARD = "gnu++0x";
				CLANG_CXX_LIBRARY = "libc++";
				CLANG_ENABLE_MODULES = YES;
				CLANG_ENABLE_OBJC_ARC = YES;
				CLANG_WARN_BOOL_CONVERSION = YES;
				CLANG_WARN_CONSTANT_CONVERSION = YES;
				CLANG_WARN_DIRECT_OBJC_ISA_USAGE = YES_ERROR;
				CLANG_WARN_EMPTY_BODY = YES;
				CLANG_WARN_ENUM_CONVERSION = YES;
				CLANG_WARN_INT_CONVERSION = YES;
				CLANG_WARN_OBJC_ROOT_CLASS = YES_ERROR;
				CLANG_WARN_UNREACHABLE_CODE = YES;
				CLANG_WARN__DUPLICATE_METHOD_MATCH = YES;
				"CODE_SIGN_IDENTITY[sdk=iphoneos*]" = "iPhone Developer";
				COPY_PHASE_STRIP = NO;
				ENABLE_STRICT_OBJC_MSGSEND = YES;
				GCC_C_LANGUAGE_STANDARD = gnu99;
				GCC_DYNAMIC_NO_PIC = NO;
				GCC_OPTIMIZATION_LEVEL = 0;
				GCC_PREPROCESSOR_DEFINITIONS = (
					"DEBUG=1",
					"$(inherited)",
				);
				GCC_SYMBOLS_PRIVATE_EXTERN = NO;
				GCC_WARN_64_TO_32_BIT_CONVERSION = YES;
				GCC_WARN_ABOUT_RETURN_TYPE = YES_ERROR;
				GCC_WARN_UNDECLARED_SELECTOR = YES;
				GCC_WARN_UNINITIALIZED_AUTOS = YES_AGGRESSIVE;
				GCC_WARN_UNUSED_FUNCTION = YES;
				GCC_WARN_UNUSED_VARIABLE = YES;
				IPHONEOS_DEPLOYMENT_TARGET = 8.1;
				MTL_ENABLE_DEBUG_INFO = YES;
				ONLY_ACTIVE_ARCH = YES;
				SDKROOT = iphoneos;
				SWIFT_OPTIMIZATION_LEVEL = "-Onone";
			};
			name = Debug;
		};
		3972048D1AA5E25A0066F78F /* Release */ = {
			isa = XCBuildConfiguration;
			buildSettings = {
				ALWAYS_SEARCH_USER_PATHS = NO;
				CLANG_CXX_LANGUAGE_STANDARD = "gnu++0x";
				CLANG_CXX_LIBRARY = "libc++";
				CLANG_ENABLE_MODULES = YES;
				CLANG_ENABLE_OBJC_ARC = YES;
				CLANG_WARN_BOOL_CONVERSION = YES;
				CLANG_WARN_CONSTANT_CONVERSION = YES;
				CLANG_WARN_DIRECT_OBJC_ISA_USAGE = YES_ERROR;
				CLANG_WARN_EMPTY_BODY = YES;
				CLANG_WARN_ENUM_CONVERSION = YES;
				CLANG_WARN_INT_CONVERSION = YES;
				CLANG_WARN_OBJC_ROOT_CLASS = YES_ERROR;
				CLANG_WARN_UNREACHABLE_CODE = YES;
				CLANG_WARN__DUPLICATE_METHOD_MATCH = YES;
				"CODE_SIGN_IDENTITY[sdk=iphoneos*]" = "iPhone Developer";
				COPY_PHASE_STRIP = YES;
				ENABLE_NS_ASSERTIONS = NO;
				ENABLE_STRICT_OBJC_MSGSEND = YES;
				GCC_C_LANGUAGE_STANDARD = gnu99;
				GCC_WARN_64_TO_32_BIT_CONVERSION = YES;
				GCC_WARN_ABOUT_RETURN_TYPE = YES_ERROR;
				GCC_WARN_UNDECLARED_SELECTOR = YES;
				GCC_WARN_UNINITIALIZED_AUTOS = YES_AGGRESSIVE;
				GCC_WARN_UNUSED_FUNCTION = YES;
				GCC_WARN_UNUSED_VARIABLE = YES;
				IPHONEOS_DEPLOYMENT_TARGET = 8.1;
				MTL_ENABLE_DEBUG_INFO = NO;
				SDKROOT = iphoneos;
				VALIDATE_PRODUCT = YES;
			};
			name = Release;
		};
		3972048F1AA5E25A0066F78F /* Debug */ = {
			isa = XCBuildConfiguration;
			buildSettings = {
				ASSETCATALOG_COMPILER_APPICON_NAME = AppIcon;
				INFOPLIST_FILE = SpaceGolf/Info.plist;
				LD_RUNPATH_SEARCH_PATHS = "$(inherited) @executable_path/Frameworks";
				PRODUCT_NAME = "$(TARGET_NAME)";
			};
			name = Debug;
		};
		397204901AA5E25A0066F78F /* Release */ = {
			isa = XCBuildConfiguration;
			buildSettings = {
				ASSETCATALOG_COMPILER_APPICON_NAME = AppIcon;
				INFOPLIST_FILE = SpaceGolf/Info.plist;
				LD_RUNPATH_SEARCH_PATHS = "$(inherited) @executable_path/Frameworks";
				PRODUCT_NAME = "$(TARGET_NAME)";
			};
			name = Release;
		};
		397204921AA5E25A0066F78F /* Debug */ = {
			isa = XCBuildConfiguration;
			buildSettings = {
				BUNDLE_LOADER = "$(TEST_HOST)";
				FRAMEWORK_SEARCH_PATHS = (
					"$(SDKROOT)/Developer/Library/Frameworks",
					"$(inherited)",
				);
				GCC_PREPROCESSOR_DEFINITIONS = (
					"DEBUG=1",
					"$(inherited)",
				);
				INFOPLIST_FILE = SpaceGolfTests/Info.plist;
				LD_RUNPATH_SEARCH_PATHS = "$(inherited) @executable_path/Frameworks @loader_path/Frameworks";
				PRODUCT_NAME = "$(TARGET_NAME)";
				TEST_HOST = "$(BUILT_PRODUCTS_DIR)/SpaceGolf.app/SpaceGolf";
			};
			name = Debug;
		};
		397204931AA5E25A0066F78F /* Release */ = {
			isa = XCBuildConfiguration;
			buildSettings = {
				BUNDLE_LOADER = "$(TEST_HOST)";
				FRAMEWORK_SEARCH_PATHS = (
					"$(SDKROOT)/Developer/Library/Frameworks",
					"$(inherited)",
				);
				INFOPLIST_FILE = SpaceGolfTests/Info.plist;
				LD_RUNPATH_SEARCH_PATHS = "$(inherited) @executable_path/Frameworks @loader_path/Frameworks";
				PRODUCT_NAME = "$(TARGET_NAME)";
				TEST_HOST = "$(BUILT_PRODUCTS_DIR)/SpaceGolf.app/SpaceGolf";
			};
			name = Release;
		};
/* End XCBuildConfiguration section */

/* Begin XCConfigurationList section */
		397204661AA5E25A0066F78F /* Build configuration list for PBXProject "SpaceGolf" */ = {
			isa = XCConfigurationList;
			buildConfigurations = (
				3972048C1AA5E25A0066F78F /* Debug */,
				3972048D1AA5E25A0066F78F /* Release */,
			);
			defaultConfigurationIsVisible = 0;
			defaultConfigurationName = Release;
		};
		3972048E1AA5E25A0066F78F /* Build configuration list for PBXNativeTarget "SpaceGolf" */ = {
			isa = XCConfigurationList;
			buildConfigurations = (
				3972048F1AA5E25A0066F78F /* Debug */,
				397204901AA5E25A0066F78F /* Release */,
			);
			defaultConfigurationIsVisible = 0;
			defaultConfigurationName = Release;
		};
		397204911AA5E25A0066F78F /* Build configuration list for PBXNativeTarget "SpaceGolfTests" */ = {
			isa = XCConfigurationList;
			buildConfigurations = (
				397204921AA5E25A0066F78F /* Debug */,
				397204931AA5E25A0066F78F /* Release */,
			);
			defaultConfigurationIsVisible = 0;
			defaultConfigurationName = Release;
		};
/* End XCConfigurationList section */
	};
	rootObject = 397204631AA5E25A0066F78F /* Project object */;
}
